
Microsoft Visual Studio Solution File, Format Version 12.00
# Visual Studio Version 17
VisualStudioVersion = 17.9.34714.143
MinimumVisualStudioVersion = 10.0.40219.1
Project("{FAE04EC0-301F-11D3-BF4B-00C04F79EFBC}") = "0401_3", "0401_3.csproj", "{C65E751E-A10F-4D9F-B624-39B3AE9597F3}"
EndProject
Global
	GlobalSection(SolutionConfigurationPlatforms) = preSolution
		Debug|Any CPU = Debug|Any CPU
		Release|Any CPU = Release|Any CPU
	EndGlobalSection
	GlobalSection(ProjectConfigurationPlatforms) = postSolution
		{C65E751E-A10F-4D9F-B624-39B3AE9597F3}.Debug|Any CPU.ActiveCfg = Debug|Any CPU
		{C65E751E-A10F-4D9F-B624-39B3AE9597F3}.Debug|Any CPU.Build.0 = Debug|Any CPU
		{C65E751E-A10F-4D9F-B624-39B3AE9597F3}.Release|Any CPU.ActiveCfg = Release|Any CPU
		{C65E751E-A10F-4D9F-B624-39B3AE9597F3}.Release|Any CPU.Build.0 = Release|Any CPU
	EndGlobalSection
	GlobalSection(SolutionProperties) = preSolution
		HideSolutionNode = FALSE
	EndGlobalSection
	GlobalSection(ExtensibilityGlobals) = postSolution
		SolutionGuid = {2E18DFB8-7621-4055-A04C-9544A6016F0C}
	EndGlobalSection
EndGlobal
