
Microsoft Visual Studio Solution File, Format Version 12.00
# Visual Studio Version 17
VisualStudioVersion = 17.9.34714.143
MinimumVisualStudioVersion = 10.0.40219.1
Project("{FAE04EC0-301F-11D3-BF4B-00C04F79EFBC}") = "0325_2", "0325_2.csproj", "{0DA1DC43-7C8B-4804-9D22-ADFB50892CAE}"
EndProject
Global
	GlobalSection(SolutionConfigurationPlatforms) = preSolution
		Debug|Any CPU = Debug|Any CPU
		Release|Any CPU = Release|Any CPU
	EndGlobalSection
	GlobalSection(ProjectConfigurationPlatforms) = postSolution
		{0DA1DC43-7C8B-4804-9D22-ADFB50892CAE}.Debug|Any CPU.ActiveCfg = Debug|Any CPU
		{0DA1DC43-7C8B-4804-9D22-ADFB50892CAE}.Debug|Any CPU.Build.0 = Debug|Any CPU
		{0DA1DC43-7C8B-4804-9D22-ADFB50892CAE}.Release|Any CPU.ActiveCfg = Release|Any CPU
		{0DA1DC43-7C8B-4804-9D22-ADFB50892CAE}.Release|Any CPU.Build.0 = Release|Any CPU
	EndGlobalSection
	GlobalSection(SolutionProperties) = preSolution
		HideSolutionNode = FALSE
	EndGlobalSection
	GlobalSection(ExtensibilityGlobals) = postSolution
		SolutionGuid = {81157FDF-E3C6-4C56-8904-A13490924FB7}
	EndGlobalSection
EndGlobal
