
Microsoft Visual Studio Solution File, Format Version 12.00
# Visual Studio Version 17
VisualStudioVersion = 17.9.34714.143
MinimumVisualStudioVersion = 10.0.40219.1
Project("{FAE04EC0-301F-11D3-BF4B-00C04F79EFBC}") = "0527_5", "0527_5.csproj", "{818BD72B-3FBD-4CED-972C-89144B862839}"
EndProject
Global
	GlobalSection(SolutionConfigurationPlatforms) = preSolution
		Debug|Any CPU = Debug|Any CPU
		Release|Any CPU = Release|Any CPU
	EndGlobalSection
	GlobalSection(ProjectConfigurationPlatforms) = postSolution
		{818BD72B-3FBD-4CED-972C-89144B862839}.Debug|Any CPU.ActiveCfg = Debug|Any CPU
		{818BD72B-3FBD-4CED-972C-89144B862839}.Debug|Any CPU.Build.0 = Debug|Any CPU
		{818BD72B-3FBD-4CED-972C-89144B862839}.Release|Any CPU.ActiveCfg = Release|Any CPU
		{818BD72B-3FBD-4CED-972C-89144B862839}.Release|Any CPU.Build.0 = Release|Any CPU
	EndGlobalSection
	GlobalSection(SolutionProperties) = preSolution
		HideSolutionNode = FALSE
	EndGlobalSection
	GlobalSection(ExtensibilityGlobals) = postSolution
		SolutionGuid = {05EC9B47-63A0-4A4C-9E8C-AE0884C8DFCB}
	EndGlobalSection
EndGlobal
