
Microsoft Visual Studio Solution File, Format Version 12.00
# Visual Studio Version 17
VisualStudioVersion = 17.9.34714.143
MinimumVisualStudioVersion = 10.0.40219.1
Project("{FAE04EC0-301F-11D3-BF4B-00C04F79EFBC}") = "0513_2", "0513_2.csproj", "{8827A4EA-4214-4F93-A296-DC4D2660B821}"
EndProject
Global
	GlobalSection(SolutionConfigurationPlatforms) = preSolution
		Debug|Any CPU = Debug|Any CPU
		Release|Any CPU = Release|Any CPU
	EndGlobalSection
	GlobalSection(ProjectConfigurationPlatforms) = postSolution
		{8827A4EA-4214-4F93-A296-DC4D2660B821}.Debug|Any CPU.ActiveCfg = Debug|Any CPU
		{8827A4EA-4214-4F93-A296-DC4D2660B821}.Debug|Any CPU.Build.0 = Debug|Any CPU
		{8827A4EA-4214-4F93-A296-DC4D2660B821}.Release|Any CPU.ActiveCfg = Release|Any CPU
		{8827A4EA-4214-4F93-A296-DC4D2660B821}.Release|Any CPU.Build.0 = Release|Any CPU
	EndGlobalSection
	GlobalSection(SolutionProperties) = preSolution
		HideSolutionNode = FALSE
	EndGlobalSection
	GlobalSection(ExtensibilityGlobals) = postSolution
		SolutionGuid = {EF189855-F574-46D3-8D89-9D22A96C6E44}
	EndGlobalSection
EndGlobal
