
Microsoft Visual Studio Solution File, Format Version 12.00
# Visual Studio Version 17
VisualStudioVersion = 17.9.34714.143
MinimumVisualStudioVersion = 10.0.40219.1
Project("{FAE04EC0-301F-11D3-BF4B-00C04F79EFBC}") = "0520_5", "0520_5.csproj", "{217F47A8-8E74-4ABC-AD47-9DCAB24D3764}"
EndProject
Global
	GlobalSection(SolutionConfigurationPlatforms) = preSolution
		Debug|Any CPU = Debug|Any CPU
		Release|Any CPU = Release|Any CPU
	EndGlobalSection
	GlobalSection(ProjectConfigurationPlatforms) = postSolution
		{217F47A8-8E74-4ABC-AD47-9DCAB24D3764}.Debug|Any CPU.ActiveCfg = Debug|Any CPU
		{217F47A8-8E74-4ABC-AD47-9DCAB24D3764}.Debug|Any CPU.Build.0 = Debug|Any CPU
		{217F47A8-8E74-4ABC-AD47-9DCAB24D3764}.Release|Any CPU.ActiveCfg = Release|Any CPU
		{217F47A8-8E74-4ABC-AD47-9DCAB24D3764}.Release|Any CPU.Build.0 = Release|Any CPU
	EndGlobalSection
	GlobalSection(SolutionProperties) = preSolution
		HideSolutionNode = FALSE
	EndGlobalSection
	GlobalSection(ExtensibilityGlobals) = postSolution
		SolutionGuid = {F9C58E80-3EE9-45E8-BFF7-04882A90EE2B}
	EndGlobalSection
EndGlobal
