
Microsoft Visual Studio Solution File, Format Version 12.00
# Visual Studio Version 17
VisualStudioVersion = 17.9.34714.143
MinimumVisualStudioVersion = 10.0.40219.1
Project("{FAE04EC0-301F-11D3-BF4B-00C04F79EFBC}") = "0408_6", "0408_6.csproj", "{30165F74-E684-4F48-8E36-15451F27A958}"
EndProject
Global
	GlobalSection(SolutionConfigurationPlatforms) = preSolution
		Debug|Any CPU = Debug|Any CPU
		Release|Any CPU = Release|Any CPU
	EndGlobalSection
	GlobalSection(ProjectConfigurationPlatforms) = postSolution
		{30165F74-E684-4F48-8E36-15451F27A958}.Debug|Any CPU.ActiveCfg = Debug|Any CPU
		{30165F74-E684-4F48-8E36-15451F27A958}.Debug|Any CPU.Build.0 = Debug|Any CPU
		{30165F74-E684-4F48-8E36-15451F27A958}.Release|Any CPU.ActiveCfg = Release|Any CPU
		{30165F74-E684-4F48-8E36-15451F27A958}.Release|Any CPU.Build.0 = Release|Any CPU
	EndGlobalSection
	GlobalSection(SolutionProperties) = preSolution
		HideSolutionNode = FALSE
	EndGlobalSection
	GlobalSection(ExtensibilityGlobals) = postSolution
		SolutionGuid = {C5876EED-3F0B-4C61-8DDD-B75CEA53C9E4}
	EndGlobalSection
EndGlobal
