
Microsoft Visual Studio Solution File, Format Version 12.00
# Visual Studio Version 17
VisualStudioVersion = 17.9.34714.143
MinimumVisualStudioVersion = 10.0.40219.1
Project("{FAE04EC0-301F-11D3-BF4B-00C04F79EFBC}") = "0401_2", "0401_2.csproj", "{05C360A9-F43B-4149-B2F3-083955F525A4}"
EndProject
Global
	GlobalSection(SolutionConfigurationPlatforms) = preSolution
		Debug|Any CPU = Debug|Any CPU
		Release|Any CPU = Release|Any CPU
	EndGlobalSection
	GlobalSection(ProjectConfigurationPlatforms) = postSolution
		{05C360A9-F43B-4149-B2F3-083955F525A4}.Debug|Any CPU.ActiveCfg = Debug|Any CPU
		{05C360A9-F43B-4149-B2F3-083955F525A4}.Debug|Any CPU.Build.0 = Debug|Any CPU
		{05C360A9-F43B-4149-B2F3-083955F525A4}.Release|Any CPU.ActiveCfg = Release|Any CPU
		{05C360A9-F43B-4149-B2F3-083955F525A4}.Release|Any CPU.Build.0 = Release|Any CPU
	EndGlobalSection
	GlobalSection(SolutionProperties) = preSolution
		HideSolutionNode = FALSE
	EndGlobalSection
	GlobalSection(ExtensibilityGlobals) = postSolution
		SolutionGuid = {6321E5AF-3575-42E3-BDDE-C54DAC8977E5}
	EndGlobalSection
EndGlobal
