
Microsoft Visual Studio Solution File, Format Version 12.00
# Visual Studio Version 17
VisualStudioVersion = 17.9.34622.214
MinimumVisualStudioVersion = 10.0.40219.1
Project("{FAE04EC0-301F-11D3-BF4B-00C04F79EFBC}") = "0311_실습", "0311_실습.csproj", "{65475AF3-8D2D-4560-8415-C16B50A77D98}"
EndProject
Global
	GlobalSection(SolutionConfigurationPlatforms) = preSolution
		Debug|Any CPU = Debug|Any CPU
		Release|Any CPU = Release|Any CPU
	EndGlobalSection
	GlobalSection(ProjectConfigurationPlatforms) = postSolution
		{65475AF3-8D2D-4560-8415-C16B50A77D98}.Debug|Any CPU.ActiveCfg = Debug|Any CPU
		{65475AF3-8D2D-4560-8415-C16B50A77D98}.Debug|Any CPU.Build.0 = Debug|Any CPU
		{65475AF3-8D2D-4560-8415-C16B50A77D98}.Release|Any CPU.ActiveCfg = Release|Any CPU
		{65475AF3-8D2D-4560-8415-C16B50A77D98}.Release|Any CPU.Build.0 = Release|Any CPU
	EndGlobalSection
	GlobalSection(SolutionProperties) = preSolution
		HideSolutionNode = FALSE
	EndGlobalSection
	GlobalSection(ExtensibilityGlobals) = postSolution
		SolutionGuid = {6DDF944A-6D89-411E-82CC-6AEDA812D9C8}
	EndGlobalSection
EndGlobal
