
Microsoft Visual Studio Solution File, Format Version 12.00
# Visual Studio Version 17
VisualStudioVersion = 17.9.34714.143
MinimumVisualStudioVersion = 10.0.40219.1
Project("{FAE04EC0-301F-11D3-BF4B-00C04F79EFBC}") = "0415_3", "0415_3.csproj", "{D0D18B1B-F406-4BF3-8C34-6819FF19C1BC}"
EndProject
Global
	GlobalSection(SolutionConfigurationPlatforms) = preSolution
		Debug|Any CPU = Debug|Any CPU
		Release|Any CPU = Release|Any CPU
	EndGlobalSection
	GlobalSection(ProjectConfigurationPlatforms) = postSolution
		{D0D18B1B-F406-4BF3-8C34-6819FF19C1BC}.Debug|Any CPU.ActiveCfg = Debug|Any CPU
		{D0D18B1B-F406-4BF3-8C34-6819FF19C1BC}.Debug|Any CPU.Build.0 = Debug|Any CPU
		{D0D18B1B-F406-4BF3-8C34-6819FF19C1BC}.Release|Any CPU.ActiveCfg = Release|Any CPU
		{D0D18B1B-F406-4BF3-8C34-6819FF19C1BC}.Release|Any CPU.Build.0 = Release|Any CPU
	EndGlobalSection
	GlobalSection(SolutionProperties) = preSolution
		HideSolutionNode = FALSE
	EndGlobalSection
	GlobalSection(ExtensibilityGlobals) = postSolution
		SolutionGuid = {D80BA4EE-82AD-406F-A8C4-B966F6A68D8D}
	EndGlobalSection
EndGlobal
