
Microsoft Visual Studio Solution File, Format Version 12.00
# Visual Studio Version 17
VisualStudioVersion = 17.9.34714.143
MinimumVisualStudioVersion = 10.0.40219.1
Project("{FAE04EC0-301F-11D3-BF4B-00C04F79EFBC}") = "0527_2", "0527_2.csproj", "{D9069512-F559-4575-B06F-0B71EEF03081}"
EndProject
Global
	GlobalSection(SolutionConfigurationPlatforms) = preSolution
		Debug|Any CPU = Debug|Any CPU
		Release|Any CPU = Release|Any CPU
	EndGlobalSection
	GlobalSection(ProjectConfigurationPlatforms) = postSolution
		{D9069512-F559-4575-B06F-0B71EEF03081}.Debug|Any CPU.ActiveCfg = Debug|Any CPU
		{D9069512-F559-4575-B06F-0B71EEF03081}.Debug|Any CPU.Build.0 = Debug|Any CPU
		{D9069512-F559-4575-B06F-0B71EEF03081}.Release|Any CPU.ActiveCfg = Release|Any CPU
		{D9069512-F559-4575-B06F-0B71EEF03081}.Release|Any CPU.Build.0 = Release|Any CPU
	EndGlobalSection
	GlobalSection(SolutionProperties) = preSolution
		HideSolutionNode = FALSE
	EndGlobalSection
	GlobalSection(ExtensibilityGlobals) = postSolution
		SolutionGuid = {35E43F65-4FD2-4C39-BCA2-94BF53019745}
	EndGlobalSection
EndGlobal
