
Microsoft Visual Studio Solution File, Format Version 12.00
# Visual Studio Version 17
VisualStudioVersion = 17.9.34714.143
MinimumVisualStudioVersion = 10.0.40219.1
Project("{FAE04EC0-301F-11D3-BF4B-00C04F79EFBC}") = "0408_5", "0408_5.csproj", "{2BEAB390-8AF4-4F1E-B8A0-C0F526EF00AF}"
EndProject
Global
	GlobalSection(SolutionConfigurationPlatforms) = preSolution
		Debug|Any CPU = Debug|Any CPU
		Release|Any CPU = Release|Any CPU
	EndGlobalSection
	GlobalSection(ProjectConfigurationPlatforms) = postSolution
		{2BEAB390-8AF4-4F1E-B8A0-C0F526EF00AF}.Debug|Any CPU.ActiveCfg = Debug|Any CPU
		{2BEAB390-8AF4-4F1E-B8A0-C0F526EF00AF}.Debug|Any CPU.Build.0 = Debug|Any CPU
		{2BEAB390-8AF4-4F1E-B8A0-C0F526EF00AF}.Release|Any CPU.ActiveCfg = Release|Any CPU
		{2BEAB390-8AF4-4F1E-B8A0-C0F526EF00AF}.Release|Any CPU.Build.0 = Release|Any CPU
	EndGlobalSection
	GlobalSection(SolutionProperties) = preSolution
		HideSolutionNode = FALSE
	EndGlobalSection
	GlobalSection(ExtensibilityGlobals) = postSolution
		SolutionGuid = {D51B0809-177A-4561-859B-CDAB3B8C705E}
	EndGlobalSection
EndGlobal
