
Microsoft Visual Studio Solution File, Format Version 12.00
# Visual Studio Version 17
VisualStudioVersion = 17.9.34714.143
MinimumVisualStudioVersion = 10.0.40219.1
Project("{FAE04EC0-301F-11D3-BF4B-00C04F79EFBC}") = "0527_6", "0527_6.csproj", "{C4BF25BD-704A-4404-9EDA-01E90134FAF9}"
EndProject
Global
	GlobalSection(SolutionConfigurationPlatforms) = preSolution
		Debug|Any CPU = Debug|Any CPU
		Release|Any CPU = Release|Any CPU
	EndGlobalSection
	GlobalSection(ProjectConfigurationPlatforms) = postSolution
		{C4BF25BD-704A-4404-9EDA-01E90134FAF9}.Debug|Any CPU.ActiveCfg = Debug|Any CPU
		{C4BF25BD-704A-4404-9EDA-01E90134FAF9}.Debug|Any CPU.Build.0 = Debug|Any CPU
		{C4BF25BD-704A-4404-9EDA-01E90134FAF9}.Release|Any CPU.ActiveCfg = Release|Any CPU
		{C4BF25BD-704A-4404-9EDA-01E90134FAF9}.Release|Any CPU.Build.0 = Release|Any CPU
	EndGlobalSection
	GlobalSection(SolutionProperties) = preSolution
		HideSolutionNode = FALSE
	EndGlobalSection
	GlobalSection(ExtensibilityGlobals) = postSolution
		SolutionGuid = {22033983-307D-44E3-8B16-9719F275D78E}
	EndGlobalSection
EndGlobal
